
Microsoft Visual Studio Solution File, Format Version 12.00
# Visual Studio Version 17
VisualStudioVersion = 17.8.34330.188
MinimumVisualStudioVersion = 10.0.40219.1
Project("{FAE04EC0-301F-11D3-BF4B-00C04F79EFBC}") = "PAPP-221-lab1", "PAPP-221-lab1.csproj", "{DE29F37A-6A8A-4FAF-BC2E-88EF04355036}"
EndProject
Global
	GlobalSection(SolutionConfigurationPlatforms) = preSolution
		Debug|Any CPU = Debug|Any CPU
		Release|Any CPU = Release|Any CPU
	EndGlobalSection
	GlobalSection(ProjectConfigurationPlatforms) = postSolution
		{DE29F37A-6A8A-4FAF-BC2E-88EF04355036}.Debug|Any CPU.ActiveCfg = Debug|Any CPU
		{DE29F37A-6A8A-4FAF-BC2E-88EF04355036}.Debug|Any CPU.Build.0 = Debug|Any CPU
		{DE29F37A-6A8A-4FAF-BC2E-88EF04355036}.Release|Any CPU.ActiveCfg = Release|Any CPU
		{DE29F37A-6A8A-4FAF-BC2E-88EF04355036}.Release|Any CPU.Build.0 = Release|Any CPU
	EndGlobalSection
	GlobalSection(SolutionProperties) = preSolution
		HideSolutionNode = FALSE
	EndGlobalSection
	GlobalSection(ExtensibilityGlobals) = postSolution
		SolutionGuid = {02D3CD64-98F0-45E3-97F2-B9C543908971}
	EndGlobalSection
EndGlobal
